
Microsoft Visual Studio Solution File, Format Version 12.00
# Visual Studio Version 16
VisualStudioVersion = 16.0.29728.190
MinimumVisualStudioVersion = 10.0.40219.1
Project("{FAE04EC0-301F-11D3-BF4B-00C04F79EFBC}") = "ERP", "ERP.csproj", "{461921D4-085B-40D8-8903-4C81D416122C}"
EndProject
Project("{9A19103F-16F7-4668-BE54-9A1E7A4F7556}") = "ERP.Domain", "..\ERP.Domain\ERP.Domain.csproj", "{DFD53348-75CD-418E-A4EA-322FCF5F6F73}"
EndProject
Project("{9A19103F-16F7-4668-BE54-9A1E7A4F7556}") = "ERP.Application", "..\ERP.Application(BL)\ERP.Application.csproj", "{9BAE6C83-A0C9-4390-B821-5D19331C4060}"
EndProject
Project("{9A19103F-16F7-4668-BE54-9A1E7A4F7556}") = "ERP.Infrastructure", "..\ERP.Infrastructure\ERP.Infrastructure.csproj", "{7033BB59-4266-4B02-8A20-9F93426FD807}"
EndProject
Project("{FAE04EC0-301F-11D3-BF4B-00C04F79EFBC}") = "ERP.API", "..\ERP.API\ERP.API.csproj", "{F1034A3E-A09F-4BA8-BD8D-4339EB4509CE}"
EndProject
Global
	GlobalSection(SolutionConfigurationPlatforms) = preSolution
		Debug|Any CPU = Debug|Any CPU
		Release|Any CPU = Release|Any CPU
	EndGlobalSection
	GlobalSection(ProjectConfigurationPlatforms) = postSolution
		{461921D4-085B-40D8-8903-4C81D416122C}.Debug|Any CPU.ActiveCfg = Debug|Any CPU
		{461921D4-085B-40D8-8903-4C81D416122C}.Debug|Any CPU.Build.0 = Debug|Any CPU
		{461921D4-085B-40D8-8903-4C81D416122C}.Release|Any CPU.ActiveCfg = Release|Any CPU
		{461921D4-085B-40D8-8903-4C81D416122C}.Release|Any CPU.Build.0 = Release|Any CPU
		{DFD53348-75CD-418E-A4EA-322FCF5F6F73}.Debug|Any CPU.ActiveCfg = Debug|Any CPU
		{DFD53348-75CD-418E-A4EA-322FCF5F6F73}.Debug|Any CPU.Build.0 = Debug|Any CPU
		{DFD53348-75CD-418E-A4EA-322FCF5F6F73}.Release|Any CPU.ActiveCfg = Release|Any CPU
		{DFD53348-75CD-418E-A4EA-322FCF5F6F73}.Release|Any CPU.Build.0 = Release|Any CPU
		{9BAE6C83-A0C9-4390-B821-5D19331C4060}.Debug|Any CPU.ActiveCfg = Debug|Any CPU
		{9BAE6C83-A0C9-4390-B821-5D19331C4060}.Debug|Any CPU.Build.0 = Debug|Any CPU
		{9BAE6C83-A0C9-4390-B821-5D19331C4060}.Release|Any CPU.ActiveCfg = Release|Any CPU
		{9BAE6C83-A0C9-4390-B821-5D19331C4060}.Release|Any CPU.Build.0 = Release|Any CPU
		{7033BB59-4266-4B02-8A20-9F93426FD807}.Debug|Any CPU.ActiveCfg = Debug|Any CPU
		{7033BB59-4266-4B02-8A20-9F93426FD807}.Debug|Any CPU.Build.0 = Debug|Any CPU
		{7033BB59-4266-4B02-8A20-9F93426FD807}.Release|Any CPU.ActiveCfg = Release|Any CPU
		{7033BB59-4266-4B02-8A20-9F93426FD807}.Release|Any CPU.Build.0 = Release|Any CPU
		{F1034A3E-A09F-4BA8-BD8D-4339EB4509CE}.Debug|Any CPU.ActiveCfg = Debug|Any CPU
		{F1034A3E-A09F-4BA8-BD8D-4339EB4509CE}.Debug|Any CPU.Build.0 = Debug|Any CPU
		{F1034A3E-A09F-4BA8-BD8D-4339EB4509CE}.Release|Any CPU.ActiveCfg = Release|Any CPU
		{F1034A3E-A09F-4BA8-BD8D-4339EB4509CE}.Release|Any CPU.Build.0 = Release|Any CPU
	EndGlobalSection
	GlobalSection(SolutionProperties) = preSolution
		HideSolutionNode = FALSE
	EndGlobalSection
	GlobalSection(ExtensibilityGlobals) = postSolution
		SolutionGuid = {AADC03B7-DF11-4F60-98DB-3C78A8EB53A2}
	EndGlobalSection
EndGlobal
